// !$*UTF8*$!
{
	archiveVersion = 1;
	classes = {
	};
	objectVersion = 46;
	objects = {

/* Begin PBXBuildFile section */
		416D8F571A7938DF000B81F1 /* EntryPoint.cpp in Sources */ = {isa = PBXBuildFile; fileRef = 416D8F561A7938DF000B81F1 /* EntryPoint.cpp */; };
		416D8F631A796CD1000B81F1 /* MNIST.cpp in Sources */ = {isa = PBXBuildFile; fileRef = 416D8F621A796CD1000B81F1 /* MNIST.cpp */; };
/* End PBXBuildFile section */

/* Begin PBXCopyFilesBuildPhase section */
		416D8F371A7938B9000B81F1 /* CopyFiles */ = {
			isa = PBXCopyFilesBuildPhase;
			buildActionMask = 2147483647;
			dstPath = /usr/share/man/man1/;
			dstSubfolderSpec = 0;
			files = (
			);
			runOnlyForDeploymentPostprocessing = 1;
		};
/* End PBXCopyFilesBuildPhase section */

/* Begin PBXFileReference section */
		416D8F391A7938B9000B81F1 /* NNP1 */ = {isa = PBXFileReference; explicitFileType = "compiled.mach-o.executable"; includeInIndex = 0; path = NNP1; sourceTree = BUILT_PRODUCTS_DIR; };
		416D8F451A7938CD000B81F1 /* .gitignore */ = {isa = PBXFileReference; fileEncoding = 4; lastKnownFileType = text; path = .gitignore; sourceTree = "<group>"; };
		416D8F471A7938CD000B81F1 /* Layer.h */ = {isa = PBXFileReference; fileEncoding = 4; lastKnownFileType = sourcecode.c.h; path = Layer.h; sourceTree = "<group>"; };
		416D8F491A7938CD000B81F1 /* HeavisideStep.h */ = {isa = PBXFileReference; fileEncoding = 4; lastKnownFileType = sourcecode.c.h; path = HeavisideStep.h; sourceTree = "<group>"; };
		416D8F4A1A7938CD000B81F1 /* Random.h */ = {isa = PBXFileReference; fileEncoding = 4; lastKnownFileType = sourcecode.c.h; path = Random.h; sourceTree = "<group>"; };
		416D8F4B1A7938CD000B81F1 /* Sigmoid.h */ = {isa = PBXFileReference; fileEncoding = 4; lastKnownFileType = sourcecode.c.h; path = Sigmoid.h; sourceTree = "<group>"; };
		416D8F4C1A7938CD000B81F1 /* SmoothSteps.h */ = {isa = PBXFileReference; fileEncoding = 4; lastKnownFileType = sourcecode.c.h; path = SmoothSteps.h; sourceTree = "<group>"; };
		416D8F4E1A7938CD000B81F1 /* FeedForward.h */ = {isa = PBXFileReference; fileEncoding = 4; lastKnownFileType = sourcecode.c.h; path = FeedForward.h; sourceTree = "<group>"; };
		416D8F501A7938CD000B81F1 /* Constant.h */ = {isa = PBXFileReference; fileEncoding = 4; lastKnownFileType = sourcecode.c.h; path = Constant.h; sourceTree = "<group>"; };
		416D8F511A7938CD000B81F1 /* Input.h */ = {isa = PBXFileReference; fileEncoding = 4; lastKnownFileType = sourcecode.c.h; path = Input.h; sourceTree = "<group>"; };
		416D8F521A7938CD000B81F1 /* Neuron.h */ = {isa = PBXFileReference; fileEncoding = 4; lastKnownFileType = sourcecode.c.h; path = Neuron.h; sourceTree = "<group>"; };
		416D8F531A7938CD000B81F1 /* Perceptron.h */ = {isa = PBXFileReference; fileEncoding = 4; lastKnownFileType = sourcecode.c.h; path = Perceptron.h; sourceTree = "<group>"; };
		416D8F561A7938DF000B81F1 /* EntryPoint.cpp */ = {isa = PBXFileReference; fileEncoding = 4; lastKnownFileType = sourcecode.cpp.cpp; path = EntryPoint.cpp; sourceTree = "<group>"; };
		416D8F611A796C09000B81F1 /* MNIST.h */ = {isa = PBXFileReference; lastKnownFileType = sourcecode.c.h; name = MNIST.h; path = Data/MNIST.h; sourceTree = "<group>"; };
		416D8F621A796CD1000B81F1 /* MNIST.cpp */ = {isa = PBXFileReference; fileEncoding = 4; lastKnownFileType = sourcecode.cpp.cpp; name = MNIST.cpp; path = Data/MNIST.cpp; sourceTree = "<group>"; };
/* End PBXFileReference section */

/* Begin PBXFrameworksBuildPhase section */
		416D8F361A7938B9000B81F1 /* Frameworks */ = {
			isa = PBXFrameworksBuildPhase;
			buildActionMask = 2147483647;
			files = (
			);
			runOnlyForDeploymentPostprocessing = 0;
		};
/* End PBXFrameworksBuildPhase section */

/* Begin PBXGroup section */
		416D8F301A7938B9000B81F1 = {
			isa = PBXGroup;
			children = (
				416D8F441A7938CD000B81F1 /* NNL */,
				416D8F3B1A7938B9000B81F1 /* NNP1 */,
				416D8F3A1A7938B9000B81F1 /* Products */,
			);
			sourceTree = "<group>";
		};
		416D8F3A1A7938B9000B81F1 /* Products */ = {
			isa = PBXGroup;
			children = (
				416D8F391A7938B9000B81F1 /* NNP1 */,
			);
			name = Products;
			sourceTree = "<group>";
		};
		416D8F3B1A7938B9000B81F1 /* NNP1 */ = {
			isa = PBXGroup;
			children = (
				416D8F541A7938DF000B81F1 /* Code */,
			);
			path = NNP1;
			sourceTree = "<group>";
		};
		416D8F441A7938CD000B81F1 /* NNL */ = {
			isa = PBXGroup;
			children = (
				416D8F601A796BF0000B81F1 /* Data */,
				416D8F451A7938CD000B81F1 /* .gitignore */,
				416D8F461A7938CD000B81F1 /* Layer */,
				416D8F481A7938CD000B81F1 /* Maths */,
				416D8F4D1A7938CD000B81F1 /* Network */,
				416D8F4F1A7938CD000B81F1 /* Neuron */,
			);
			name = NNL;
			path = ../../../NNL;
			sourceTree = "<group>";
		};
		416D8F461A7938CD000B81F1 /* Layer */ = {
			isa = PBXGroup;
			children = (
				416D8F471A7938CD000B81F1 /* Layer.h */,
			);
			path = Layer;
			sourceTree = "<group>";
		};
		416D8F481A7938CD000B81F1 /* Maths */ = {
			isa = PBXGroup;
			children = (
				416D8F491A7938CD000B81F1 /* HeavisideStep.h */,
				416D8F4A1A7938CD000B81F1 /* Random.h */,
				416D8F4B1A7938CD000B81F1 /* Sigmoid.h */,
				416D8F4C1A7938CD000B81F1 /* SmoothSteps.h */,
			);
			path = Maths;
			sourceTree = "<group>";
		};
		416D8F4D1A7938CD000B81F1 /* Network */ = {
			isa = PBXGroup;
			children = (
				416D8F4E1A7938CD000B81F1 /* FeedForward.h */,
			);
			path = Network;
			sourceTree = "<group>";
		};
		416D8F4F1A7938CD000B81F1 /* Neuron */ = {
			isa = PBXGroup;
			children = (
				416D8F501A7938CD000B81F1 /* Constant.h */,
				416D8F511A7938CD000B81F1 /* Input.h */,
				416D8F521A7938CD000B81F1 /* Neuron.h */,
				416D8F531A7938CD000B81F1 /* Perceptron.h */,
			);
			path = Neuron;
			sourceTree = "<group>";
		};
		416D8F541A7938DF000B81F1 /* Code */ = {
			isa = PBXGroup;
			children = (
				416D8F551A7938DF000B81F1 /* Core */,
			);
			name = Code;
			path = ../../../Code;
			sourceTree = "<group>";
		};
		416D8F551A7938DF000B81F1 /* Core */ = {
			isa = PBXGroup;
			children = (
				416D8F561A7938DF000B81F1 /* EntryPoint.cpp */,
			);
			path = Core;
			sourceTree = "<group>";
		};
		416D8F601A796BF0000B81F1 /* Data */ = {
			isa = PBXGroup;
			children = (
				416D8F611A796C09000B81F1 /* MNIST.h */,
				416D8F621A796CD1000B81F1 /* MNIST.cpp */,
			);
			name = Data;
			sourceTree = "<group>";
		};
/* End PBXGroup section */

/* Begin PBXNativeTarget section */
		416D8F381A7938B9000B81F1 /* NNP1 */ = {
			isa = PBXNativeTarget;
			buildConfigurationList = 416D8F401A7938B9000B81F1 /* Build configuration list for PBXNativeTarget "NNP1" */;
			buildPhases = (
				416D8F351A7938B9000B81F1 /* Sources */,
				416D8F361A7938B9000B81F1 /* Frameworks */,
				416D8F371A7938B9000B81F1 /* CopyFiles */,
			);
			buildRules = (
			);
			dependencies = (
			);
			name = NNP1;
			productName = NNP1;
			productReference = 416D8F391A7938B9000B81F1 /* NNP1 */;
			productType = "com.apple.product-type.tool";
		};
/* End PBXNativeTarget section */

/* Begin PBXProject section */
		416D8F311A7938B9000B81F1 /* Project object */ = {
			isa = PBXProject;
			attributes = {
				LastUpgradeCheck = 0610;
				ORGANIZATIONNAME = "Cranium Software Limited";
				TargetAttributes = {
					416D8F381A7938B9000B81F1 = {
						CreatedOnToolsVersion = 6.1;
					};
				};
			};
			buildConfigurationList = 416D8F341A7938B9000B81F1 /* Build configuration list for PBXProject "NNP1" */;
			compatibilityVersion = "Xcode 3.2";
			developmentRegion = English;
			hasScannedForEncodings = 0;
			knownRegions = (
				en,
			);
			mainGroup = 416D8F301A7938B9000B81F1;
			productRefGroup = 416D8F3A1A7938B9000B81F1 /* Products */;
			projectDirPath = "";
			projectRoot = "";
			targets = (
				416D8F381A7938B9000B81F1 /* NNP1 */,
			);
		};
/* End PBXProject section */

/* Begin PBXSourcesBuildPhase section */
		416D8F351A7938B9000B81F1 /* Sources */ = {
			isa = PBXSourcesBuildPhase;
			buildActionMask = 2147483647;
			files = (
				416D8F571A7938DF000B81F1 /* EntryPoint.cpp in Sources */,
				416D8F631A796CD1000B81F1 /* MNIST.cpp in Sources */,
			);
			runOnlyForDeploymentPostprocessing = 0;
		};
/* End PBXSourcesBuildPhase section */

/* Begin XCBuildConfiguration section */
		416D8F3E1A7938B9000B81F1 /* Debug */ = {
			isa = XCBuildConfiguration;
			buildSettings = {
				ALWAYS_SEARCH_USER_PATHS = NO;
				CLANG_CXX_LANGUAGE_STANDARD = "gnu++0x";
				CLANG_CXX_LIBRARY = "libc++";
				CLANG_ENABLE_MODULES = YES;
				CLANG_ENABLE_OBJC_ARC = YES;
				CLANG_WARN_BOOL_CONVERSION = YES;
				CLANG_WARN_CONSTANT_CONVERSION = YES;
				CLANG_WARN_DIRECT_OBJC_ISA_USAGE = YES_ERROR;
				CLANG_WARN_EMPTY_BODY = YES;
				CLANG_WARN_ENUM_CONVERSION = YES;
				CLANG_WARN_INT_CONVERSION = YES;
				CLANG_WARN_OBJC_ROOT_CLASS = YES_ERROR;
				CLANG_WARN_UNREACHABLE_CODE = YES;
				CLANG_WARN__DUPLICATE_METHOD_MATCH = YES;
				COPY_PHASE_STRIP = NO;
				ENABLE_STRICT_OBJC_MSGSEND = YES;
				GCC_C_LANGUAGE_STANDARD = gnu99;
				GCC_DYNAMIC_NO_PIC = NO;
				GCC_OPTIMIZATION_LEVEL = 0;
				GCC_PREPROCESSOR_DEFINITIONS = (
					"DEBUG=1",
					"$(inherited)",
				);
				GCC_SYMBOLS_PRIVATE_EXTERN = NO;
				GCC_WARN_64_TO_32_BIT_CONVERSION = YES;
				GCC_WARN_ABOUT_RETURN_TYPE = YES_ERROR;
				GCC_WARN_UNDECLARED_SELECTOR = YES;
				GCC_WARN_UNINITIALIZED_AUTOS = YES_AGGRESSIVE;
				GCC_WARN_UNUSED_FUNCTION = YES;
				GCC_WARN_UNUSED_VARIABLE = YES;
				MACOSX_DEPLOYMENT_TARGET = 10.10;
				MTL_ENABLE_DEBUG_INFO = YES;
				ONLY_ACTIVE_ARCH = YES;
				SDKROOT = macosx;
			};
			name = Debug;
		};
		416D8F3F1A7938B9000B81F1 /* Release */ = {
			isa = XCBuildConfiguration;
			buildSettings = {
				ALWAYS_SEARCH_USER_PATHS = NO;
				CLANG_CXX_LANGUAGE_STANDARD = "gnu++0x";
				CLANG_CXX_LIBRARY = "libc++";
				CLANG_ENABLE_MODULES = YES;
				CLANG_ENABLE_OBJC_ARC = YES;
				CLANG_WARN_BOOL_CONVERSION = YES;
				CLANG_WARN_CONSTANT_CONVERSION = YES;
				CLANG_WARN_DIRECT_OBJC_ISA_USAGE = YES_ERROR;
				CLANG_WARN_EMPTY_BODY = YES;
				CLANG_WARN_ENUM_CONVERSION = YES;
				CLANG_WARN_INT_CONVERSION = YES;
				CLANG_WARN_OBJC_ROOT_CLASS = YES_ERROR;
				CLANG_WARN_UNREACHABLE_CODE = YES;
				CLANG_WARN__DUPLICATE_METHOD_MATCH = YES;
				COPY_PHASE_STRIP = YES;
				DEBUG_INFORMATION_FORMAT = "dwarf-with-dsym";
				ENABLE_NS_ASSERTIONS = NO;
				ENABLE_STRICT_OBJC_MSGSEND = YES;
				GCC_C_LANGUAGE_STANDARD = gnu99;
				GCC_WARN_64_TO_32_BIT_CONVERSION = YES;
				GCC_WARN_ABOUT_RETURN_TYPE = YES_ERROR;
				GCC_WARN_UNDECLARED_SELECTOR = YES;
				GCC_WARN_UNINITIALIZED_AUTOS = YES_AGGRESSIVE;
				GCC_WARN_UNUSED_FUNCTION = YES;
				GCC_WARN_UNUSED_VARIABLE = YES;
				MACOSX_DEPLOYMENT_TARGET = 10.10;
				MTL_ENABLE_DEBUG_INFO = NO;
				SDKROOT = macosx;
			};
			name = Release;
		};
		416D8F411A7938B9000B81F1 /* Debug */ = {
			isa = XCBuildConfiguration;
			buildSettings = {
				ALWAYS_SEARCH_USER_PATHS = NO;
				HEADER_SEARCH_PATHS = (
					"$(inherited)",
					/Applications/Xcode.app/Contents/Developer/Toolchains/XcodeDefault.xctoolchain/usr/include,
					$PROJECT_DIR/../../Code,
					$PROJECT_DIR/../../../NNL,
				);
				PRODUCT_NAME = "$(TARGET_NAME)";
				USER_HEADER_SEARCH_PATHS = "";
			};
			name = Debug;
		};
		416D8F421A7938B9000B81F1 /* Release */ = {
			isa = XCBuildConfiguration;
			buildSettings = {
				ALWAYS_SEARCH_USER_PATHS = NO;
				HEADER_SEARCH_PATHS = (
					"$(inherited)",
					/Applications/Xcode.app/Contents/Developer/Toolchains/XcodeDefault.xctoolchain/usr/include,
					$PROJECT_DIR/../../Code,
					$PROJECT_DIR/../../../NNL,
				);
				PRODUCT_NAME = "$(TARGET_NAME)";
				USER_HEADER_SEARCH_PATHS = "";
			};
			name = Release;
		};
/* End XCBuildConfiguration section */

/* Begin XCConfigurationList section */
		416D8F341A7938B9000B81F1 /* Build configuration list for PBXProject "NNP1" */ = {
			isa = XCConfigurationList;
			buildConfigurations = (
				416D8F3E1A7938B9000B81F1 /* Debug */,
				416D8F3F1A7938B9000B81F1 /* Release */,
			);
			defaultConfigurationIsVisible = 0;
			defaultConfigurationName = Release;
		};
		416D8F401A7938B9000B81F1 /* Build configuration list for PBXNativeTarget "NNP1" */ = {
			isa = XCConfigurationList;
			buildConfigurations = (
				416D8F411A7938B9000B81F1 /* Debug */,
				416D8F421A7938B9000B81F1 /* Release */,
			);
			defaultConfigurationIsVisible = 0;
		};
/* End XCConfigurationList section */
	};
	rootObject = 416D8F311A7938B9000B81F1 /* Project object */;
}
